
Microsoft Visual Studio Solution File, Format Version 12.00
# Visual Studio 2013
VisualStudioVersion = 12.0.31101.0
MinimumVisualStudioVersion = 10.0.40219.1
Project("{FAE04EC0-301F-11D3-BF4B-00C04F79EFBC}") = "FastFitParser.Core", "FastFitParser.Core\FastFitParser.Core.csproj", "{E81097FC-6FE8-4019-BFEB-56911A14EB7D}"
EndProject
Project("{FAE04EC0-301F-11D3-BF4B-00C04F79EFBC}") = "FastFitParser.Tests", "FastFitParser.Tests\FastFitParser.Tests.csproj", "{6949B712-BDD6-46A8-838B-AB5090BE128F}"
EndProject
Global
	GlobalSection(SolutionConfigurationPlatforms) = preSolution
		Debug|Any CPU = Debug|Any CPU
		Release|Any CPU = Release|Any CPU
	EndGlobalSection
	GlobalSection(ProjectConfigurationPlatforms) = postSolution
		{E81097FC-6FE8-4019-BFEB-56911A14EB7D}.Debug|Any CPU.ActiveCfg = Debug|Any CPU
		{E81097FC-6FE8-4019-BFEB-56911A14EB7D}.Debug|Any CPU.Build.0 = Debug|Any CPU
		{E81097FC-6FE8-4019-BFEB-56911A14EB7D}.Release|Any CPU.ActiveCfg = Release|Any CPU
		{E81097FC-6FE8-4019-BFEB-56911A14EB7D}.Release|Any CPU.Build.0 = Release|Any CPU
		{6949B712-BDD6-46A8-838B-AB5090BE128F}.Debug|Any CPU.ActiveCfg = Debug|Any CPU
		{6949B712-BDD6-46A8-838B-AB5090BE128F}.Debug|Any CPU.Build.0 = Debug|Any CPU
		{6949B712-BDD6-46A8-838B-AB5090BE128F}.Release|Any CPU.ActiveCfg = Release|Any CPU
		{6949B712-BDD6-46A8-838B-AB5090BE128F}.Release|Any CPU.Build.0 = Release|Any CPU
	EndGlobalSection
	GlobalSection(SolutionProperties) = preSolution
		HideSolutionNode = FALSE
	EndGlobalSection
EndGlobal
